
Microsoft Visual Studio Solution File, Format Version 12.00
# Visual Studio 15
VisualStudioVersion = 15.0.28307.421
MinimumVisualStudioVersion = 10.0.40219.1
Project("{FAE04EC0-301F-11D3-BF4B-00C04F79EFBC}") = "PetBattleBackEnd", "PetBattleBackEnd\PetBattleBackEnd.csproj", "{0C36B802-4D13-4F01-8DDB-C8DA634C8AE4}"
EndProject
Global
	GlobalSection(SolutionConfigurationPlatforms) = preSolution
		Debug|Any CPU = Debug|Any CPU
		Release|Any CPU = Release|Any CPU
	EndGlobalSection
	GlobalSection(ProjectConfigurationPlatforms) = postSolution
		{0C36B802-4D13-4F01-8DDB-C8DA634C8AE4}.Debug|Any CPU.ActiveCfg = Debug|Any CPU
		{0C36B802-4D13-4F01-8DDB-C8DA634C8AE4}.Debug|Any CPU.Build.0 = Debug|Any CPU
		{0C36B802-4D13-4F01-8DDB-C8DA634C8AE4}.Release|Any CPU.ActiveCfg = Release|Any CPU
		{0C36B802-4D13-4F01-8DDB-C8DA634C8AE4}.Release|Any CPU.Build.0 = Release|Any CPU
	EndGlobalSection
	GlobalSection(SolutionProperties) = preSolution
		HideSolutionNode = FALSE
	EndGlobalSection
	GlobalSection(ExtensibilityGlobals) = postSolution
		SolutionGuid = {D534D52A-517F-48B5-8337-AB75C8B77353}
	EndGlobalSection
EndGlobal
